
Microsoft Visual Studio Solution File, Format Version 12.00
# Visual Studio Version 17
VisualStudioVersion = 17.9.34714.143
MinimumVisualStudioVersion = 10.0.40219.1
Project("{FAE04EC0-301F-11D3-BF4B-00C04F79EFBC}") = "AlarmClock", "AlarmClock\AlarmClock.csproj", "{5A7146B2-DCF1-4D22-A1BF-7802013FF8EC}"
EndProject
Global
	GlobalSection(SolutionConfigurationPlatforms) = preSolution
		Debug|Any CPU = Debug|Any CPU
		Release|Any CPU = Release|Any CPU
	EndGlobalSection
	GlobalSection(ProjectConfigurationPlatforms) = postSolution
		{5A7146B2-DCF1-4D22-A1BF-7802013FF8EC}.Debug|Any CPU.ActiveCfg = Debug|Any CPU
		{5A7146B2-DCF1-4D22-A1BF-7802013FF8EC}.Debug|Any CPU.Build.0 = Debug|Any CPU
		{5A7146B2-DCF1-4D22-A1BF-7802013FF8EC}.Release|Any CPU.ActiveCfg = Release|Any CPU
		{5A7146B2-DCF1-4D22-A1BF-7802013FF8EC}.Release|Any CPU.Build.0 = Release|Any CPU
	EndGlobalSection
	GlobalSection(SolutionProperties) = preSolution
		HideSolutionNode = FALSE
	EndGlobalSection
	GlobalSection(ExtensibilityGlobals) = postSolution
		SolutionGuid = {95C0BC88-7FA0-4650-97AA-39C51437FE2D}
	EndGlobalSection
EndGlobal
